
Microsoft Visual Studio Solution File, Format Version 12.00
# Visual Studio Version 17
VisualStudioVersion = 17.14.36429.23 d17.14
MinimumVisualStudioVersion = 10.0.40219.1
Project("{FAE04EC0-301F-11D3-BF4B-00C04F79EFBC}") = "Student Personal Details", "Student Personal Details\Student Personal Details.csproj", "{D667F404-0207-4CCD-AEE1-9DB60C4A45F5}"
EndProject
Global
	GlobalSection(SolutionConfigurationPlatforms) = preSolution
		Debug|Any CPU = Debug|Any CPU
		Release|Any CPU = Release|Any CPU
	EndGlobalSection
	GlobalSection(ProjectConfigurationPlatforms) = postSolution
		{D667F404-0207-4CCD-AEE1-9DB60C4A45F5}.Debug|Any CPU.ActiveCfg = Debug|Any CPU
		{D667F404-0207-4CCD-AEE1-9DB60C4A45F5}.Debug|Any CPU.Build.0 = Debug|Any CPU
		{D667F404-0207-4CCD-AEE1-9DB60C4A45F5}.Release|Any CPU.ActiveCfg = Release|Any CPU
		{D667F404-0207-4CCD-AEE1-9DB60C4A45F5}.Release|Any CPU.Build.0 = Release|Any CPU
	EndGlobalSection
	GlobalSection(SolutionProperties) = preSolution
		HideSolutionNode = FALSE
	EndGlobalSection
	GlobalSection(ExtensibilityGlobals) = postSolution
		SolutionGuid = {7FB7D2A3-133A-47E5-AB47-BAF97E8EE48C}
	EndGlobalSection
EndGlobal
